// !$*UTF8*$!
{
	archiveVersion = 1;
	classes = {
	};
	objectVersion = 56;
	objects = {

/* Begin PBXBuildFile section */
		8214B3DC2ACAF7B000349BD8 /* SwiftUIChatAppApp.swift in Sources */ = {isa = PBXBuildFile; fileRef = 8214B3DB2ACAF7B000349BD8 /* SwiftUIChatAppApp.swift */; };
		8214B3DE2ACAF7B000349BD8 /* ChatView.swift in Sources */ = {isa = PBXBuildFile; fileRef = 8214B3DD2ACAF7B000349BD8 /* ChatView.swift */; };
		8214B3E02ACAF7B500349BD8 /* Assets.xcassets in Resources */ = {isa = PBXBuildFile; fileRef = 8214B3DF2ACAF7B500349BD8 /* Assets.xcassets */; };
		8214B3E32ACAF7B500349BD8 /* Preview Assets.xcassets in Resources */ = {isa = PBXBuildFile; fileRef = 8214B3E22ACAF7B500349BD8 /* Preview Assets.xcassets */; };
		8214B3EB2ACAF80D00349BD8 /* ChatHelper.swift in Sources */ = {isa = PBXBuildFile; fileRef = 8214B3EA2ACAF80D00349BD8 /* ChatHelper.swift */; };
		8214B3ED2ACAF83E00349BD8 /* KeyboardResponder.swift in Sources */ = {isa = PBXBuildFile; fileRef = 8214B3EC2ACAF83E00349BD8 /* KeyboardResponder.swift */; };
		8214B3EF2ACAF84C00349BD8 /* View + Extension.swift in Sources */ = {isa = PBXBuildFile; fileRef = 8214B3EE2ACAF84C00349BD8 /* View + Extension.swift */; };
		8214B3F22ACAF88400349BD8 /* MessageVIew.swift in Sources */ = {isa = PBXBuildFile; fileRef = 8214B3F12ACAF88400349BD8 /* MessageVIew.swift */; };
		8214B3F52ACAF8C800349BD8 /* User.swift in Sources */ = {isa = PBXBuildFile; fileRef = 8214B3F42ACAF8C800349BD8 /* User.swift */; };
		8214B3F72ACAF8D400349BD8 /* Message.swift in Sources */ = {isa = PBXBuildFile; fileRef = 8214B3F62ACAF8D400349BD8 /* Message.swift */; };
		8214B3F92ACAF93600349BD8 /* ContentMessageView.swift in Sources */ = {isa = PBXBuildFile; fileRef = 8214B3F82ACAF93600349BD8 /* ContentMessageView.swift */; };
/* End PBXBuildFile section */

/* Begin PBXFileReference section */
		8214B3D82ACAF7B000349BD8 /* SwiftUIChatApp.app */ = {isa = PBXFileReference; explicitFileType = wrapper.application; includeInIndex = 0; path = SwiftUIChatApp.app; sourceTree = BUILT_PRODUCTS_DIR; };
		8214B3DB2ACAF7B000349BD8 /* SwiftUIChatAppApp.swift */ = {isa = PBXFileReference; lastKnownFileType = sourcecode.swift; path = SwiftUIChatAppApp.swift; sourceTree = "<group>"; };
		8214B3DD2ACAF7B000349BD8 /* ChatView.swift */ = {isa = PBXFileReference; lastKnownFileType = sourcecode.swift; path = ChatView.swift; sourceTree = "<group>"; };
		8214B3DF2ACAF7B500349BD8 /* Assets.xcassets */ = {isa = PBXFileReference; lastKnownFileType = folder.assetcatalog; path = Assets.xcassets; sourceTree = "<group>"; };
		8214B3E22ACAF7B500349BD8 /* Preview Assets.xcassets */ = {isa = PBXFileReference; lastKnownFileType = folder.assetcatalog; path = "Preview Assets.xcassets"; sourceTree = "<group>"; };
		8214B3EA2ACAF80D00349BD8 /* ChatHelper.swift */ = {isa = PBXFileReference; lastKnownFileType = sourcecode.swift; path = ChatHelper.swift; sourceTree = "<group>"; };
		8214B3EC2ACAF83E00349BD8 /* KeyboardResponder.swift */ = {isa = PBXFileReference; lastKnownFileType = sourcecode.swift; path = KeyboardResponder.swift; sourceTree = "<group>"; };
		8214B3EE2ACAF84C00349BD8 /* View + Extension.swift */ = {isa = PBXFileReference; lastKnownFileType = sourcecode.swift; path = "View + Extension.swift"; sourceTree = "<group>"; };
		8214B3F12ACAF88400349BD8 /* MessageVIew.swift */ = {isa = PBXFileReference; lastKnownFileType = sourcecode.swift; path = MessageVIew.swift; sourceTree = "<group>"; };
		8214B3F42ACAF8C800349BD8 /* User.swift */ = {isa = PBXFileReference; lastKnownFileType = sourcecode.swift; path = User.swift; sourceTree = "<group>"; };
		8214B3F62ACAF8D400349BD8 /* Message.swift */ = {isa = PBXFileReference; lastKnownFileType = sourcecode.swift; path = Message.swift; sourceTree = "<group>"; };
		8214B3F82ACAF93600349BD8 /* ContentMessageView.swift */ = {isa = PBXFileReference; lastKnownFileType = sourcecode.swift; path = ContentMessageView.swift; sourceTree = "<group>"; };
/* End PBXFileReference section */

/* Begin PBXFrameworksBuildPhase section */
		8214B3D52ACAF7B000349BD8 /* Frameworks */ = {
			isa = PBXFrameworksBuildPhase;
			buildActionMask = 2147483647;
			files = (
			);
			runOnlyForDeploymentPostprocessing = 0;
		};
/* End PBXFrameworksBuildPhase section */

/* Begin PBXGroup section */
		8214B3CF2ACAF7B000349BD8 = {
			isa = PBXGroup;
			children = (
				8214B3DA2ACAF7B000349BD8 /* SwiftUIChatApp */,
				8214B3D92ACAF7B000349BD8 /* Products */,
			);
			sourceTree = "<group>";
		};
		8214B3D92ACAF7B000349BD8 /* Products */ = {
			isa = PBXGroup;
			children = (
				8214B3D82ACAF7B000349BD8 /* SwiftUIChatApp.app */,
			);
			name = Products;
			sourceTree = "<group>";
		};
		8214B3DA2ACAF7B000349BD8 /* SwiftUIChatApp */ = {
			isa = PBXGroup;
			children = (
				8214B3F32ACAF8B300349BD8 /* Models */,
				8214B3F02ACAF86F00349BD8 /* View */,
				8214B3E92ACAF7EA00349BD8 /* Helper */,
				8214B3DB2ACAF7B000349BD8 /* SwiftUIChatAppApp.swift */,
				8214B3DF2ACAF7B500349BD8 /* Assets.xcassets */,
				8214B3E12ACAF7B500349BD8 /* Preview Content */,
			);
			path = SwiftUIChatApp;
			sourceTree = "<group>";
		};
		8214B3E12ACAF7B500349BD8 /* Preview Content */ = {
			isa = PBXGroup;
			children = (
				8214B3E22ACAF7B500349BD8 /* Preview Assets.xcassets */,
			);
			path = "Preview Content";
			sourceTree = "<group>";
		};
		8214B3E92ACAF7EA00349BD8 /* Helper */ = {
			isa = PBXGroup;
			children = (
				8214B3EA2ACAF80D00349BD8 /* ChatHelper.swift */,
				8214B3EC2ACAF83E00349BD8 /* KeyboardResponder.swift */,
				8214B3EE2ACAF84C00349BD8 /* View + Extension.swift */,
			);
			path = Helper;
			sourceTree = "<group>";
		};
		8214B3F02ACAF86F00349BD8 /* View */ = {
			isa = PBXGroup;
			children = (
				8214B3DD2ACAF7B000349BD8 /* ChatView.swift */,
				8214B3F12ACAF88400349BD8 /* MessageVIew.swift */,
				8214B3F82ACAF93600349BD8 /* ContentMessageView.swift */,
			);
			path = View;
			sourceTree = "<group>";
		};
		8214B3F32ACAF8B300349BD8 /* Models */ = {
			isa = PBXGroup;
			children = (
				8214B3F42ACAF8C800349BD8 /* User.swift */,
				8214B3F62ACAF8D400349BD8 /* Message.swift */,
			);
			path = Models;
			sourceTree = "<group>";
		};
/* End PBXGroup section */

/* Begin PBXNativeTarget section */
		8214B3D72ACAF7B000349BD8 /* SwiftUIChatApp */ = {
			isa = PBXNativeTarget;
			buildConfigurationList = 8214B3E62ACAF7B500349BD8 /* Build configuration list for PBXNativeTarget "SwiftUIChatApp" */;
			buildPhases = (
				8214B3D42ACAF7B000349BD8 /* Sources */,
				8214B3D52ACAF7B000349BD8 /* Frameworks */,
				8214B3D62ACAF7B000349BD8 /* Resources */,
			);
			buildRules = (
			);
			dependencies = (
			);
			name = SwiftUIChatApp;
			productName = SwiftUIChatApp;
			productReference = 8214B3D82ACAF7B000349BD8 /* SwiftUIChatApp.app */;
			productType = "com.apple.product-type.application";
		};
/* End PBXNativeTarget section */

/* Begin PBXProject section */
		8214B3D02ACAF7B000349BD8 /* Project object */ = {
			isa = PBXProject;
			attributes = {
				BuildIndependentTargetsInParallel = 1;
				LastSwiftUpdateCheck = 1430;
				LastUpgradeCheck = 1430;
				TargetAttributes = {
					8214B3D72ACAF7B000349BD8 = {
						CreatedOnToolsVersion = 14.3;
					};
				};
			};
			buildConfigurationList = 8214B3D32ACAF7B000349BD8 /* Build configuration list for PBXProject "SwiftUIChatApp" */;
			compatibilityVersion = "Xcode 14.0";
			developmentRegion = en;
			hasScannedForEncodings = 0;
			knownRegions = (
				en,
				Base,
			);
			mainGroup = 8214B3CF2ACAF7B000349BD8;
			productRefGroup = 8214B3D92ACAF7B000349BD8 /* Products */;
			projectDirPath = "";
			projectRoot = "";
			targets = (
				8214B3D72ACAF7B000349BD8 /* SwiftUIChatApp */,
			);
		};
/* End PBXProject section */

/* Begin PBXResourcesBuildPhase section */
		8214B3D62ACAF7B000349BD8 /* Resources */ = {
			isa = PBXResourcesBuildPhase;
			buildActionMask = 2147483647;
			files = (
				8214B3E32ACAF7B500349BD8 /* Preview Assets.xcassets in Resources */,
				8214B3E02ACAF7B500349BD8 /* Assets.xcassets in Resources */,
			);
			runOnlyForDeploymentPostprocessing = 0;
		};
/* End PBXResourcesBuildPhase section */

/* Begin PBXSourcesBuildPhase section */
		8214B3D42ACAF7B000349BD8 /* Sources */ = {
			isa = PBXSourcesBuildPhase;
			buildActionMask = 2147483647;
			files = (
				8214B3DE2ACAF7B000349BD8 /* ChatView.swift in Sources */,
				8214B3ED2ACAF83E00349BD8 /* KeyboardResponder.swift in Sources */,
				8214B3EB2ACAF80D00349BD8 /* ChatHelper.swift in Sources */,
				8214B3EF2ACAF84C00349BD8 /* View + Extension.swift in Sources */,
				8214B3F22ACAF88400349BD8 /* MessageVIew.swift in Sources */,
				8214B3F72ACAF8D400349BD8 /* Message.swift in Sources */,
				8214B3F92ACAF93600349BD8 /* ContentMessageView.swift in Sources */,
				8214B3DC2ACAF7B000349BD8 /* SwiftUIChatAppApp.swift in Sources */,
				8214B3F52ACAF8C800349BD8 /* User.swift in Sources */,
			);
			runOnlyForDeploymentPostprocessing = 0;
		};
/* End PBXSourcesBuildPhase section */

/* Begin XCBuildConfiguration section */
		8214B3E42ACAF7B500349BD8 /* Debug */ = {
			isa = XCBuildConfiguration;
			buildSettings = {
				ALWAYS_SEARCH_USER_PATHS = NO;
				CLANG_ANALYZER_NONNULL = YES;
				CLANG_ANALYZER_NUMBER_OBJECT_CONVERSION = YES_AGGRESSIVE;
				CLANG_CXX_LANGUAGE_STANDARD = "gnu++20";
				CLANG_ENABLE_MODULES = YES;
				CLANG_ENABLE_OBJC_ARC = YES;
				CLANG_ENABLE_OBJC_WEAK = YES;
				CLANG_WARN_BLOCK_CAPTURE_AUTORELEASING = YES;
				CLANG_WARN_BOOL_CONVERSION = YES;
				CLANG_WARN_COMMA = YES;
				CLANG_WARN_CONSTANT_CONVERSION = YES;
				CLANG_WARN_DEPRECATED_OBJC_IMPLEMENTATIONS = YES;
				CLANG_WARN_DIRECT_OBJC_ISA_USAGE = YES_ERROR;
				CLANG_WARN_DOCUMENTATION_COMMENTS = YES;
				CLANG_WARN_EMPTY_BODY = YES;
				CLANG_WARN_ENUM_CONVERSION = YES;
				CLANG_WARN_INFINITE_RECURSION = YES;
				CLANG_WARN_INT_CONVERSION = YES;
				CLANG_WARN_NON_LITERAL_NULL_CONVERSION = YES;
				CLANG_WARN_OBJC_IMPLICIT_RETAIN_SELF = YES;
				CLANG_WARN_OBJC_LITERAL_CONVERSION = YES;
				CLANG_WARN_OBJC_ROOT_CLASS = YES_ERROR;
				CLANG_WARN_QUOTED_INCLUDE_IN_FRAMEWORK_HEADER = YES;
				CLANG_WARN_RANGE_LOOP_ANALYSIS = YES;
				CLANG_WARN_STRICT_PROTOTYPES = YES;
				CLANG_WARN_SUSPICIOUS_MOVE = YES;
				CLANG_WARN_UNGUARDED_AVAILABILITY = YES_AGGRESSIVE;
				CLANG_WARN_UNREACHABLE_CODE = YES;
				CLANG_WARN__DUPLICATE_METHOD_MATCH = YES;
				COPY_PHASE_STRIP = NO;
				DEBUG_INFORMATION_FORMAT = dwarf;
				ENABLE_STRICT_OBJC_MSGSEND = YES;
				ENABLE_TESTABILITY = YES;
				GCC_C_LANGUAGE_STANDARD = gnu11;
				GCC_DYNAMIC_NO_PIC = NO;
				GCC_NO_COMMON_BLOCKS = YES;
				GCC_OPTIMIZATION_LEVEL = 0;
				GCC_PREPROCESSOR_DEFINITIONS = (
					"DEBUG=1",
					"$(inherited)",
				);
				GCC_WARN_64_TO_32_BIT_CONVERSION = YES;
				GCC_WARN_ABOUT_RETURN_TYPE = YES_ERROR;
				GCC_WARN_UNDECLARED_SELECTOR = YES;
				GCC_WARN_UNINITIALIZED_AUTOS = YES_AGGRESSIVE;
				GCC_WARN_UNUSED_FUNCTION = YES;
				GCC_WARN_UNUSED_VARIABLE = YES;
				IPHONEOS_DEPLOYMENT_TARGET = 16.4;
				MTL_ENABLE_DEBUG_INFO = INCLUDE_SOURCE;
				MTL_FAST_MATH = YES;
				ONLY_ACTIVE_ARCH = YES;
				SDKROOT = iphoneos;
				SWIFT_ACTIVE_COMPILATION_CONDITIONS = DEBUG;
				SWIFT_OPTIMIZATION_LEVEL = "-Onone";
			};
			name = Debug;
		};
		8214B3E52ACAF7B500349BD8 /* Release */ = {
			isa = XCBuildConfiguration;
			buildSettings = {
				ALWAYS_SEARCH_USER_PATHS = NO;
				CLANG_ANALYZER_NONNULL = YES;
				CLANG_ANALYZER_NUMBER_OBJECT_CONVERSION = YES_AGGRESSIVE;
				CLANG_CXX_LANGUAGE_STANDARD = "gnu++20";
				CLANG_ENABLE_MODULES = YES;
				CLANG_ENABLE_OBJC_ARC = YES;
				CLANG_ENABLE_OBJC_WEAK = YES;
				CLANG_WARN_BLOCK_CAPTURE_AUTORELEASING = YES;
				CLANG_WARN_BOOL_CONVERSION = YES;
				CLANG_WARN_COMMA = YES;
				CLANG_WARN_CONSTANT_CONVERSION = YES;
				CLANG_WARN_DEPRECATED_OBJC_IMPLEMENTATIONS = YES;
				CLANG_WARN_DIRECT_OBJC_ISA_USAGE = YES_ERROR;
				CLANG_WARN_DOCUMENTATION_COMMENTS = YES;
				CLANG_WARN_EMPTY_BODY = YES;
				CLANG_WARN_ENUM_CONVERSION = YES;
				CLANG_WARN_INFINITE_RECURSION = YES;
				CLANG_WARN_INT_CONVERSION = YES;
				CLANG_WARN_NON_LITERAL_NULL_CONVERSION = YES;
				CLANG_WARN_OBJC_IMPLICIT_RETAIN_SELF = YES;
				CLANG_WARN_OBJC_LITERAL_CONVERSION = YES;
				CLANG_WARN_OBJC_ROOT_CLASS = YES_ERROR;
				CLANG_WARN_QUOTED_INCLUDE_IN_FRAMEWORK_HEADER = YES;
				CLANG_WARN_RANGE_LOOP_ANALYSIS = YES;
				CLANG_WARN_STRICT_PROTOTYPES = YES;
				CLANG_WARN_SUSPICIOUS_MOVE = YES;
				CLANG_WARN_UNGUARDED_AVAILABILITY = YES_AGGRESSIVE;
				CLANG_WARN_UNREACHABLE_CODE = YES;
				CLANG_WARN__DUPLICATE_METHOD_MATCH = YES;
				COPY_PHASE_STRIP = NO;
				DEBUG_INFORMATION_FORMAT = "dwarf-with-dsym";
				ENABLE_NS_ASSERTIONS = NO;
				ENABLE_STRICT_OBJC_MSGSEND = YES;
				GCC_C_LANGUAGE_STANDARD = gnu11;
				GCC_NO_COMMON_BLOCKS = YES;
				GCC_WARN_64_TO_32_BIT_CONVERSION = YES;
				GCC_WARN_ABOUT_RETURN_TYPE = YES_ERROR;
				GCC_WARN_UNDECLARED_SELECTOR = YES;
				GCC_WARN_UNINITIALIZED_AUTOS = YES_AGGRESSIVE;
				GCC_WARN_UNUSED_FUNCTION = YES;
				GCC_WARN_UNUSED_VARIABLE = YES;
				IPHONEOS_DEPLOYMENT_TARGET = 16.4;
				MTL_ENABLE_DEBUG_INFO = NO;
				MTL_FAST_MATH = YES;
				SDKROOT = iphoneos;
				SWIFT_COMPILATION_MODE = wholemodule;
				SWIFT_OPTIMIZATION_LEVEL = "-O";
				VALIDATE_PRODUCT = YES;
			};
			name = Release;
		};
		8214B3E72ACAF7B500349BD8 /* Debug */ = {
			isa = XCBuildConfiguration;
			buildSettings = {
				ASSETCATALOG_COMPILER_APPICON_NAME = AppIcon;
				ASSETCATALOG_COMPILER_GLOBAL_ACCENT_COLOR_NAME = AccentColor;
				CODE_SIGN_STYLE = Automatic;
				CURRENT_PROJECT_VERSION = 1;
				DEVELOPMENT_ASSET_PATHS = "\"SwiftUIChatApp/Preview Content\"";
				DEVELOPMENT_TEAM = L5KQK28X5U;
				ENABLE_PREVIEWS = YES;
				GENERATE_INFOPLIST_FILE = YES;
				INFOPLIST_KEY_UIApplicationSceneManifest_Generation = YES;
				INFOPLIST_KEY_UIApplicationSupportsIndirectInputEvents = YES;
				INFOPLIST_KEY_UILaunchScreen_Generation = YES;
				INFOPLIST_KEY_UISupportedInterfaceOrientations_iPad = "UIInterfaceOrientationPortrait UIInterfaceOrientationPortraitUpsideDown UIInterfaceOrientationLandscapeLeft UIInterfaceOrientationLandscapeRight";
				INFOPLIST_KEY_UISupportedInterfaceOrientations_iPhone = "UIInterfaceOrientationPortrait UIInterfaceOrientationLandscapeLeft UIInterfaceOrientationLandscapeRight";
				LD_RUNPATH_SEARCH_PATHS = (
					"$(inherited)",
					"@executable_path/Frameworks",
				);
				MARKETING_VERSION = 1.0;
				PRODUCT_BUNDLE_IDENTIFIER = com.tesddev.SwiftUIChatApp;
				PRODUCT_NAME = "$(TARGET_NAME)";
				SWIFT_EMIT_LOC_STRINGS = YES;
				SWIFT_VERSION = 5.0;
				TARGETED_DEVICE_FAMILY = "1,2";
			};
			name = Debug;
		};
		8214B3E82ACAF7B500349BD8 /* Release */ = {
			isa = XCBuildConfiguration;
			buildSettings = {
				ASSETCATALOG_COMPILER_APPICON_NAME = AppIcon;
				ASSETCATALOG_COMPILER_GLOBAL_ACCENT_COLOR_NAME = AccentColor;
				CODE_SIGN_STYLE = Automatic;
				CURRENT_PROJECT_VERSION = 1;
				DEVELOPMENT_ASSET_PATHS = "\"SwiftUIChatApp/Preview Content\"";
				DEVELOPMENT_TEAM = L5KQK28X5U;
				ENABLE_PREVIEWS = YES;
				GENERATE_INFOPLIST_FILE = YES;
				INFOPLIST_KEY_UIApplicationSceneManifest_Generation = YES;
				INFOPLIST_KEY_UIApplicationSupportsIndirectInputEvents = YES;
				INFOPLIST_KEY_UILaunchScreen_Generation = YES;
				INFOPLIST_KEY_UISupportedInterfaceOrientations_iPad = "UIInterfaceOrientationPortrait UIInterfaceOrientationPortraitUpsideDown UIInterfaceOrientationLandscapeLeft UIInterfaceOrientationLandscapeRight";
				INFOPLIST_KEY_UISupportedInterfaceOrientations_iPhone = "UIInterfaceOrientationPortrait UIInterfaceOrientationLandscapeLeft UIInterfaceOrientationLandscapeRight";
				LD_RUNPATH_SEARCH_PATHS = (
					"$(inherited)",
					"@executable_path/Frameworks",
				);
				MARKETING_VERSION = 1.0;
				PRODUCT_BUNDLE_IDENTIFIER = com.tesddev.SwiftUIChatApp;
				PRODUCT_NAME = "$(TARGET_NAME)";
				SWIFT_EMIT_LOC_STRINGS = YES;
				SWIFT_VERSION = 5.0;
				TARGETED_DEVICE_FAMILY = "1,2";
			};
			name = Release;
		};
/* End XCBuildConfiguration section */

/* Begin XCConfigurationList section */
		8214B3D32ACAF7B000349BD8 /* Build configuration list for PBXProject "SwiftUIChatApp" */ = {
			isa = XCConfigurationList;
			buildConfigurations = (
				8214B3E42ACAF7B500349BD8 /* Debug */,
				8214B3E52ACAF7B500349BD8 /* Release */,
			);
			defaultConfigurationIsVisible = 0;
			defaultConfigurationName = Release;
		};
		8214B3E62ACAF7B500349BD8 /* Build configuration list for PBXNativeTarget "SwiftUIChatApp" */ = {
			isa = XCConfigurationList;
			buildConfigurations = (
				8214B3E72ACAF7B500349BD8 /* Debug */,
				8214B3E82ACAF7B500349BD8 /* Release */,
			);
			defaultConfigurationIsVisible = 0;
			defaultConfigurationName = Release;
		};
/* End XCConfigurationList section */
	};
	rootObject = 8214B3D02ACAF7B000349BD8 /* Project object */;
}
